PODS:
  - Flutter (1.0.0)
  - webview_flutter (0.0.1):
    - Flutter
  - wifi_info_flutter (0.0.1):
    - Flutter
  - wifi_iot (0.0.1):
    - Flutter

DEPENDENCIES:
  - Flutter (from `Flutter`)
  - webview_flutter (from `.symlinks/plugins/webview_flutter/ios`)
  - wifi_info_flutter (from `.symlinks/plugins/wifi_info_flutter/ios`)
  - wifi_iot (from `.symlinks/plugins/wifi_iot/ios`)

EXTERNAL SOURCES:
  Flutter:
    :path: Flutter
  webview_flutter:
    :path: ".symlinks/plugins/webview_flutter/ios"
  wifi_info_flutter:
    :path: ".symlinks/plugins/wifi_info_flutter/ios"
  wifi_iot:
    :path: ".symlinks/plugins/wifi_iot/ios"

SPEC CHECKSUMS:
  Flutter: 0e3d915762c693b495b44d77113d4970485de6ec
  webview_flutter: d2b4d6c66968ad042ad94cbb791f5b72b4678a96
  wifi_info_flutter: 55d4c2469034f5b5c38063ccefa62f708a503a2b
  wifi_iot: b5aafd6f9b52f8a357383a1deabab45f31cd602d

PODFILE CHECKSUM: 5d7182823cb4a9f87e1086c26376ca16ac3a7be6

COCOAPODS: 1.10.1
